<Solution>
  <Folder Name="/src/">
    <Project Path="src/POS.Api/POS.Api.csproj" />
    <Project Path="src/POS.Application/POS.Application.csproj" />
    <Project Path="src/POS.Common/POS.Common.csproj" />
    <Project Path="src/POS.Infrastructure/POS.Infrastructure.csproj" />
    <Project Path="src/POS.Web/POS.Web.csproj" />
    <Project Path="src/POS.Worker/POS.Worker.csproj" />
  </Folder>
  <Folder Name="/tests/">
    <Project Path="tests/POS.ContractTests/POS.ContractTests.csproj" />
    <Project Path="tests/POS.UnitTests/POS.UnitTests.csproj" />
  </Folder>
  <Folder Name="/tools/">
    <Project Path="tools/POS.DbMigrator/POS.DbMigrator.csproj" />
  </Folder>
</Solution>
