<Solution>
  <Folder Name="/src/">
    <Project Path="src/POS.Api/POS.Api.csproj" />
    <Project Path="src/POS.Common/POS.Common.csproj" />
    <Project Path="src/POS.Infrastructure/POS.Infrastructure.csproj" />
  </Folder>
  <Folder Name="/tests/">
    <Project Path="tests/POS.ContractTests/POS.ContractTests.csproj" />
  </Folder>
</Solution>
