<Solution>
  <Folder Name="/src/" />
  <Folder Name="/src/Api/">
    <Project Path="src/Api/VCM.POSBLUE.Api.csproj" />
  </Folder>
  <Folder Name="/src/Application/">
    <Project Path="src/Application/VCM.POSBLUE.Application.csproj" />
  </Folder>
  <Folder Name="/src/Domain/">
    <Project Path="src/Domain/VCM.POSBLUE.Domain.csproj" />
  </Folder>
  <Folder Name="/src/Infrastructure/">
    <Project Path="src/Infrastructure/VCM.POSBLUE.Infrastructure.csproj" />
  </Folder>
  <Folder Name="/src/Shared/">
    <Project Path="src/Shared/VCM.POSBLUE.Shared.csproj" />
  </Folder>
</Solution>
